Microsoft Visual Studio Solution File, Format Version 12.00
# Visual Studio 16
Project("{FAE04EC0-301F-11D3-BF4B-00C04F79EFBC}") = "AvoidMapDistortion", "AvoidMapDistortion\AvoidMapDistortion.Net5.csproj", "{43B8E836-5CB7-4959-B598-5146033C7D32}"
EndProject
Global
	GlobalSection(SolutionConfigurationPlatforms) = preSolution
		Debug|x86 = Debug|x86
		Release|x86 = Release|x86
	EndGlobalSection
	GlobalSection(ProjectConfigurationPlatforms) = postSolution
		{43B8E836-5CB7-4959-B598-5146033C7D32}.Debug|x86.ActiveCfg = Debug|x86
		{43B8E836-5CB7-4959-B598-5146033C7D32}.Debug|x86.Build.0 = Debug|x86
		{43B8E836-5CB7-4959-B598-5146033C7D32}.Release|x86.ActiveCfg = Release|x86
		{43B8E836-5CB7-4959-B598-5146033C7D32}.Release|x86.Build.0 = Release|x86
	EndGlobalSection
	GlobalSection(SolutionProperties) = preSolution
		HideSolutionNode = FALSE
	EndGlobalSection
EndGlobal
